// !$*UTF8*$!
{
	archiveVersion = 1;
	classes = {
	};
	objectVersion = 54;
	objects = {

/* Begin PBXBuildFile section */
		00E356F31AD99517003FC87E /* MusicAppTests.m in Sources */ = {isa = PBXBuildFile; fileRef = 00E356F21AD99517003FC87E /* MusicAppTests.m */; };
		0C80B921A6F3F58F76C31292 /* libPods-MusicApp.a in Frameworks */ = {isa = PBXBuildFile; fileRef = 5DCACB8F33CDC322A6C60F78 /* libPods-MusicApp.a */; };
		13B07FBC1A68108700A75B9A /* AppDelegate.mm in Sources */ = {isa = PBXBuildFile; fileRef = 13B07FB01A68108700A75B9A /* AppDelegate.mm */; };
		13B07FBF1A68108700A75B9A /* Images.xcassets in Resources */ = {isa = PBXBuildFile; fileRef = 13B07FB51A68108700A75B9A /* Images.xcassets */; };
		13B07FC11A68108700A75B9A /* main.m in Sources */ = {isa = PBXBuildFile; fileRef = 13B07FB71A68108700A75B9A /* main.m */; };
		7699B88040F8A987B510C191 /* libPods-MusicApp-MusicAppTests.a in Frameworks */ = {isa = PBXBuildFile; fileRef = 19F6CBCC0A4E27FBF8BF4A61 /* libPods-MusicApp-MusicAppTests.a */; };
		81AB9BB82411601600AC10FF /* LaunchScreen.storyboard in Resources */ = {isa = PBXBuildFile; fileRef = 81AB9BB72411601600AC10FF /* LaunchScreen.storyboard */; };
		9C368ADDB447446E9E334105 /* OpenSans-Bold.ttf in Resources */ = {isa = PBXBuildFile; fileRef = 60E671CF22A140B59BD072C4 /* OpenSans-Bold.ttf */; };
		C9DB1F7B3B504BBC8D9F8F84 /* OpenSans-BoldItalic.ttf in Resources */ = {isa = PBXBuildFile; fileRef = E6F232CD61F14302B7AA285E /* OpenSans-BoldItalic.ttf */; };
		538BB9412A5446A9A182E8DB /* OpenSans-ExtraBold.ttf in Resources */ = {isa = PBXBuildFile; fileRef = 6C3413B2FE554B38B818714B /* OpenSans-ExtraBold.ttf */; };
		5F8FF7BD206E40CBA1A9EC13 /* OpenSans-ExtraBoldItalic.ttf in Resources */ = {isa = PBXBuildFile; fileRef = 2CFB5CA2C7114ABCAFCC5F97 /* OpenSans-ExtraBoldItalic.ttf */; };
		4262BB88B93343C0811F1DD9 /* OpenSans-Italic.ttf in Resources */ = {isa = PBXBuildFile; fileRef = 31D112E4B5374DFEB4BA7B39 /* OpenSans-Italic.ttf */; };
		D064ED56538B4AC48EEA1716 /* OpenSans-Light.ttf in Resources */ = {isa = PBXBuildFile; fileRef = 0517F7A714F64CB9BE49A12B /* OpenSans-Light.ttf */; };
		90EFE35DC1A64FD18A7F4F3F /* OpenSans-LightItalic.ttf in Resources */ = {isa = PBXBuildFile; fileRef = 8B8A8F1B9FA7440D8B5351FB /* OpenSans-LightItalic.ttf */; };
		D5C3B19D7C3E46CF80288440 /* OpenSans-Medium.ttf in Resources */ = {isa = PBXBuildFile; fileRef = 3B85E3BD3461495F8F305DE7 /* OpenSans-Medium.ttf */; };
		15D906B58A254481BC6E7BAB /* OpenSans-MediumItalic.ttf in Resources */ = {isa = PBXBuildFile; fileRef = 2F5A9D2D193D4CFA9BD64E95 /* OpenSans-MediumItalic.ttf */; };
		25DE202C40694166B3DAEEAC /* OpenSans-Regular.ttf in Resources */ = {isa = PBXBuildFile; fileRef = 549AD0B3856D4053ACE5B939 /* OpenSans-Regular.ttf */; };
		9C1F5B77A08D445F9FF80857 /* OpenSans-SemiBold.ttf in Resources */ = {isa = PBXBuildFile; fileRef = 06C59608367E463ABCCDD24F /* OpenSans-SemiBold.ttf */; };
		EE4A917A1E2048DEBA30B21E /* OpenSans-SemiBoldItalic.ttf in Resources */ = {isa = PBXBuildFile; fileRef = 5AD757D1C872449C82CD0B31 /* OpenSans-SemiBoldItalic.ttf */; };
		75F6B314F4A041609CFA1FB1 /* OpenSans_Condensed-Bold.ttf in Resources */ = {isa = PBXBuildFile; fileRef = FCD645160653488880534B59 /* OpenSans_Condensed-Bold.ttf */; };
		0A9C18C642004BF0AD845FB1 /* OpenSans_Condensed-BoldItalic.ttf in Resources */ = {isa = PBXBuildFile; fileRef = 1A0DD9A2F539468A9BD329A8 /* OpenSans_Condensed-BoldItalic.ttf */; };
		C0B16522B2814F62A8D6A377 /* OpenSans_Condensed-ExtraBold.ttf in Resources */ = {isa = PBXBuildFile; fileRef = 719C3E842C924664AFC06CAA /* OpenSans_Condensed-ExtraBold.ttf */; };
		33AA0BD7A42C4A89B7CB54C4 /* OpenSans_Condensed-ExtraBoldItalic.ttf in Resources */ = {isa = PBXBuildFile; fileRef = 0033C34687964070B83F2741 /* OpenSans_Condensed-ExtraBoldItalic.ttf */; };
		5EADC99B1AF6489FB511B5FB /* OpenSans_Condensed-Italic.ttf in Resources */ = {isa = PBXBuildFile; fileRef = 2B5E79CEE5704A739EB88C1A /* OpenSans_Condensed-Italic.ttf */; };
		47D3EBA58A5C4128AAE9FA30 /* OpenSans_Condensed-Light.ttf in Resources */ = {isa = PBXBuildFile; fileRef = 7EC45550F6414F9FB31B7670 /* OpenSans_Condensed-Light.ttf */; };
		D5F6F6558E98423180B3C2B7 /* OpenSans_Condensed-LightItalic.ttf in Resources */ = {isa = PBXBuildFile; fileRef = BD2E7287C1344806AF3EBB94 /* OpenSans_Condensed-LightItalic.ttf */; };
		4DD86DC17F56491E8BEE5BF9 /* OpenSans_Condensed-Medium.ttf in Resources */ = {isa = PBXBuildFile; fileRef = 5EF4F6ED1A994D28B8F8D0AD /* OpenSans_Condensed-Medium.ttf */; };
		1B6DC6B302424A6B99D7FE83 /* OpenSans_Condensed-MediumItalic.ttf in Resources */ = {isa = PBXBuildFile; fileRef = 40905382E6244AA198C6E245 /* OpenSans_Condensed-MediumItalic.ttf */; };
		818AC9B4165A4550AB5BE66D /* OpenSans_Condensed-Regular.ttf in Resources */ = {isa = PBXBuildFile; fileRef = D0B5C859B46645CCB25B08B1 /* OpenSans_Condensed-Regular.ttf */; };
		D5F3D12E5ADC4FD8A7B24458 /* OpenSans_Condensed-SemiBold.ttf in Resources */ = {isa = PBXBuildFile; fileRef = 1EAF200D2B4A4073875A9847 /* OpenSans_Condensed-SemiBold.ttf */; };
		CF9AA3CC76144AFCB2687F8A /* OpenSans_Condensed-SemiBoldItalic.ttf in Resources */ = {isa = PBXBuildFile; fileRef = 824EE28474244FD59E537D30 /* OpenSans_Condensed-SemiBoldItalic.ttf */; };
		20F32C14568548D18CE26140 /* OpenSans_SemiCondensed-Bold.ttf in Resources */ = {isa = PBXBuildFile; fileRef = 42B2A70AEA5B480585E25899 /* OpenSans_SemiCondensed-Bold.ttf */; };
		9CEFC4DA99A549C8BBDF9930 /* OpenSans_SemiCondensed-BoldItalic.ttf in Resources */ = {isa = PBXBuildFile; fileRef = 3B33DF0504E94B5A91E4EA98 /* OpenSans_SemiCondensed-BoldItalic.ttf */; };
		22EF7B68DBDD4AE09E49F661 /* OpenSans_SemiCondensed-ExtraBold.ttf in Resources */ = {isa = PBXBuildFile; fileRef = 36E75F2727594FE3A77A7E33 /* OpenSans_SemiCondensed-ExtraBold.ttf */; };
		E3686B96718840C79CCA6DE4 /* OpenSans_SemiCondensed-ExtraBoldItalic.ttf in Resources */ = {isa = PBXBuildFile; fileRef = 4B2A092ABC144BA2942C9812 /* OpenSans_SemiCondensed-ExtraBoldItalic.ttf */; };
		DCF801865A6E44F5A35944A8 /* OpenSans_SemiCondensed-Italic.ttf in Resources */ = {isa = PBXBuildFile; fileRef = 06C311FC5ACB4934B989AAA3 /* OpenSans_SemiCondensed-Italic.ttf */; };
		AB54C6EE8FC94D39BD0B25FD /* OpenSans_SemiCondensed-Light.ttf in Resources */ = {isa = PBXBuildFile; fileRef = 35292E57C38241D784F3F159 /* OpenSans_SemiCondensed-Light.ttf */; };
		F64151D680734937877C656F /* OpenSans_SemiCondensed-LightItalic.ttf in Resources */ = {isa = PBXBuildFile; fileRef = 887DFAE470604A3D8738467E /* OpenSans_SemiCondensed-LightItalic.ttf */; };
		ADD3C51AA5D146F5B1C17140 /* OpenSans_SemiCondensed-Medium.ttf in Resources */ = {isa = PBXBuildFile; fileRef = 2B4B84B6DB54474E9A2C5AFB /* OpenSans_SemiCondensed-Medium.ttf */; };
		2B1C8FE8FE49494382A86B56 /* OpenSans_SemiCondensed-MediumItalic.ttf in Resources */ = {isa = PBXBuildFile; fileRef = 57B624E4856B44FA8464D8C8 /* OpenSans_SemiCondensed-MediumItalic.ttf */; };
		E2F7E03813B74A69A503D5B5 /* OpenSans_SemiCondensed-Regular.ttf in Resources */ = {isa = PBXBuildFile; fileRef = 7B65FADDD8204F2D94C9A0B6 /* OpenSans_SemiCondensed-Regular.ttf */; };
		C0D3F2F9F03345028D5C06AC /* OpenSans_SemiCondensed-SemiBold.ttf in Resources */ = {isa = PBXBuildFile; fileRef = 1E33469C26054BD99B4C8F85 /* OpenSans_SemiCondensed-SemiBold.ttf */; };
		444FB197DF554977BEC975FE /* OpenSans_SemiCondensed-SemiBoldItalic.ttf in Resources */ = {isa = PBXBuildFile; fileRef = 7D81861F12494FCA8D80DCF7 /* OpenSans_SemiCondensed-SemiBoldItalic.ttf */; };
/* End PBXBuildFile section */

/* Begin PBXContainerItemProxy section */
		00E356F41AD99517003FC87E /* PBXContainerItemProxy */ = {
			isa = PBXContainerItemProxy;
			containerPortal = 83CBB9F71A601CBA00E9B192 /* Project object */;
			proxyType = 1;
			remoteGlobalIDString = 13B07F861A680F5B00A75B9A;
			remoteInfo = MusicApp;
		};
/* End PBXContainerItemProxy section */

/* Begin PBXFileReference section */
		00E356EE1AD99517003FC87E /* MusicAppTests.xctest */ = {isa = PBXFileReference; explicitFileType = wrapper.cfbundle; includeInIndex = 0; path = MusicAppTests.xctest; sourceTree = BUILT_PRODUCTS_DIR; };
		00E356F11AD99517003FC87E /* Info.plist */ = {isa = PBXFileReference; lastKnownFileType = text.plist.xml; path = Info.plist; sourceTree = "<group>"; };
		00E356F21AD99517003FC87E /* MusicAppTests.m */ = {isa = PBXFileReference; lastKnownFileType = sourcecode.c.objc; path = MusicAppTests.m; sourceTree = "<group>"; };
		13B07F961A680F5B00A75B9A /* MusicApp.app */ = {isa = PBXFileReference; explicitFileType = wrapper.application; includeInIndex = 0; path = MusicApp.app; sourceTree = BUILT_PRODUCTS_DIR; };
		13B07FAF1A68108700A75B9A /* AppDelegate.h */ = {isa = PBXFileReference; fileEncoding = 4; lastKnownFileType = sourcecode.c.h; name = AppDelegate.h; path = MusicApp/AppDelegate.h; sourceTree = "<group>"; };
		13B07FB01A68108700A75B9A /* AppDelegate.mm */ = {isa = PBXFileReference; fileEncoding = 4; lastKnownFileType = sourcecode.cpp.objcpp; name = AppDelegate.mm; path = MusicApp/AppDelegate.mm; sourceTree = "<group>"; };
		13B07FB51A68108700A75B9A /* Images.xcassets */ = {isa = PBXFileReference; lastKnownFileType = folder.assetcatalog; name = Images.xcassets; path = MusicApp/Images.xcassets; sourceTree = "<group>"; };
		13B07FB61A68108700A75B9A /* Info.plist */ = {isa = PBXFileReference; fileEncoding = 4; lastKnownFileType = text.plist.xml; name = Info.plist; path = MusicApp/Info.plist; sourceTree = "<group>"; };
		13B07FB71A68108700A75B9A /* main.m */ = {isa = PBXFileReference; fileEncoding = 4; lastKnownFileType = sourcecode.c.objc; name = main.m; path = MusicApp/main.m; sourceTree = "<group>"; };
		13B07FB81A68108700A75B9A /* PrivacyInfo.xcprivacy */ = {isa = PBXFileReference; fileEncoding = 4; lastKnownFileType = text.plist.xml; name = PrivacyInfo.xcprivacy; path = MusicApp/PrivacyInfo.xcprivacy; sourceTree = "<group>"; };
		19F6CBCC0A4E27FBF8BF4A61 /* libPods-MusicApp-MusicAppTests.a */ = {isa = PBXFileReference; explicitFileType = archive.ar; includeInIndex = 0; path = "libPods-MusicApp-MusicAppTests.a"; sourceTree = BUILT_PRODUCTS_DIR; };
		3B4392A12AC88292D35C810B /* Pods-MusicApp.debug.xcconfig */ = {isa = PBXFileReference; includeInIndex = 1; lastKnownFileType = text.xcconfig; name = "Pods-MusicApp.debug.xcconfig"; path = "Target Support Files/Pods-MusicApp/Pods-MusicApp.debug.xcconfig"; sourceTree = "<group>"; };
		5709B34CF0A7D63546082F79 /* Pods-MusicApp.release.xcconfig */ = {isa = PBXFileReference; includeInIndex = 1; lastKnownFileType = text.xcconfig; name = "Pods-MusicApp.release.xcconfig"; path = "Target Support Files/Pods-MusicApp/Pods-MusicApp.release.xcconfig"; sourceTree = "<group>"; };
		5B7EB9410499542E8C5724F5 /* Pods-MusicApp-MusicAppTests.debug.xcconfig */ = {isa = PBXFileReference; includeInIndex = 1; lastKnownFileType = text.xcconfig; name = "Pods-MusicApp-MusicAppTests.debug.xcconfig"; path = "Target Support Files/Pods-MusicApp-MusicAppTests/Pods-MusicApp-MusicAppTests.debug.xcconfig"; sourceTree = "<group>"; };
		5DCACB8F33CDC322A6C60F78 /* libPods-MusicApp.a */ = {isa = PBXFileReference; explicitFileType = archive.ar; includeInIndex = 0; path = "libPods-MusicApp.a"; sourceTree = BUILT_PRODUCTS_DIR; };
		81AB9BB72411601600AC10FF /* LaunchScreen.storyboard */ = {isa = PBXFileReference; fileEncoding = 4; lastKnownFileType = file.storyboard; name = LaunchScreen.storyboard; path = MusicApp/LaunchScreen.storyboard; sourceTree = "<group>"; };
		89C6BE57DB24E9ADA2F236DE /* Pods-MusicApp-MusicAppTests.release.xcconfig */ = {isa = PBXFileReference; includeInIndex = 1; lastKnownFileType = text.xcconfig; name = "Pods-MusicApp-MusicAppTests.release.xcconfig"; path = "Target Support Files/Pods-MusicApp-MusicAppTests/Pods-MusicApp-MusicAppTests.release.xcconfig"; sourceTree = "<group>"; };
		ED297162215061F000B7C4FE /* JavaScriptCore.framework */ = {isa = PBXFileReference; lastKnownFileType = wrapper.framework; name = JavaScriptCore.framework; path = System/Library/Frameworks/JavaScriptCore.framework; sourceTree = SDKROOT; };
		60E671CF22A140B59BD072C4 /* OpenSans-Bold.ttf */ = {isa = PBXFileReference; name = "OpenSans-Bold.ttf"; path = "../assets/font/OpenSans-Bold.ttf"; sourceTree = "<group>"; fileEncoding = undefined; lastKnownFileType = unknown; explicitFileType = undefined; includeInIndex = 0; };
		E6F232CD61F14302B7AA285E /* OpenSans-BoldItalic.ttf */ = {isa = PBXFileReference; name = "OpenSans-BoldItalic.ttf"; path = "../assets/font/OpenSans-BoldItalic.ttf"; sourceTree = "<group>"; fileEncoding = undefined; lastKnownFileType = unknown; explicitFileType = undefined; includeInIndex = 0; };
		6C3413B2FE554B38B818714B /* OpenSans-ExtraBold.ttf */ = {isa = PBXFileReference; name = "OpenSans-ExtraBold.ttf"; path = "../assets/font/OpenSans-ExtraBold.ttf"; sourceTree = "<group>"; fileEncoding = undefined; lastKnownFileType = unknown; explicitFileType = undefined; includeInIndex = 0; };
		2CFB5CA2C7114ABCAFCC5F97 /* OpenSans-ExtraBoldItalic.ttf */ = {isa = PBXFileReference; name = "OpenSans-ExtraBoldItalic.ttf"; path = "../assets/font/OpenSans-ExtraBoldItalic.ttf"; sourceTree = "<group>"; fileEncoding = undefined; lastKnownFileType = unknown; explicitFileType = undefined; includeInIndex = 0; };
		31D112E4B5374DFEB4BA7B39 /* OpenSans-Italic.ttf */ = {isa = PBXFileReference; name = "OpenSans-Italic.ttf"; path = "../assets/font/OpenSans-Italic.ttf"; sourceTree = "<group>"; fileEncoding = undefined; lastKnownFileType = unknown; explicitFileType = undefined; includeInIndex = 0; };
		0517F7A714F64CB9BE49A12B /* OpenSans-Light.ttf */ = {isa = PBXFileReference; name = "OpenSans-Light.ttf"; path = "../assets/font/OpenSans-Light.ttf"; sourceTree = "<group>"; fileEncoding = undefined; lastKnownFileType = unknown; explicitFileType = undefined; includeInIndex = 0; };
		8B8A8F1B9FA7440D8B5351FB /* OpenSans-LightItalic.ttf */ = {isa = PBXFileReference; name = "OpenSans-LightItalic.ttf"; path = "../assets/font/OpenSans-LightItalic.ttf"; sourceTree = "<group>"; fileEncoding = undefined; lastKnownFileType = unknown; explicitFileType = undefined; includeInIndex = 0; };
		3B85E3BD3461495F8F305DE7 /* OpenSans-Medium.ttf */ = {isa = PBXFileReference; name = "OpenSans-Medium.ttf"; path = "../assets/font/OpenSans-Medium.ttf"; sourceTree = "<group>"; fileEncoding = undefined; lastKnownFileType = unknown; explicitFileType = undefined; includeInIndex = 0; };
		2F5A9D2D193D4CFA9BD64E95 /* OpenSans-MediumItalic.ttf */ = {isa = PBXFileReference; name = "OpenSans-MediumItalic.ttf"; path = "../assets/font/OpenSans-MediumItalic.ttf"; sourceTree = "<group>"; fileEncoding = undefined; lastKnownFileType = unknown; explicitFileType = undefined; includeInIndex = 0; };
		549AD0B3856D4053ACE5B939 /* OpenSans-Regular.ttf */ = {isa = PBXFileReference; name = "OpenSans-Regular.ttf"; path = "../assets/font/OpenSans-Regular.ttf"; sourceTree = "<group>"; fileEncoding = undefined; lastKnownFileType = unknown; explicitFileType = undefined; includeInIndex = 0; };
		06C59608367E463ABCCDD24F /* OpenSans-SemiBold.ttf */ = {isa = PBXFileReference; name = "OpenSans-SemiBold.ttf"; path = "../assets/font/OpenSans-SemiBold.ttf"; sourceTree = "<group>"; fileEncoding = undefined; lastKnownFileType = unknown; explicitFileType = undefined; includeInIndex = 0; };
		5AD757D1C872449C82CD0B31 /* OpenSans-SemiBoldItalic.ttf */ = {isa = PBXFileReference; name = "OpenSans-SemiBoldItalic.ttf"; path = "../assets/font/OpenSans-SemiBoldItalic.ttf"; sourceTree = "<group>"; fileEncoding = undefined; lastKnownFileType = unknown; explicitFileType = undefined; includeInIndex = 0; };
		FCD645160653488880534B59 /* OpenSans_Condensed-Bold.ttf */ = {isa = PBXFileReference; name = "OpenSans_Condensed-Bold.ttf"; path = "../assets/font/OpenSans_Condensed-Bold.ttf"; sourceTree = "<group>"; fileEncoding = undefined; lastKnownFileType = unknown; explicitFileType = undefined; includeInIndex = 0; };
		1A0DD9A2F539468A9BD329A8 /* OpenSans_Condensed-BoldItalic.ttf */ = {isa = PBXFileReference; name = "OpenSans_Condensed-BoldItalic.ttf"; path = "../assets/font/OpenSans_Condensed-BoldItalic.ttf"; sourceTree = "<group>"; fileEncoding = undefined; lastKnownFileType = unknown; explicitFileType = undefined; includeInIndex = 0; };
		719C3E842C924664AFC06CAA /* OpenSans_Condensed-ExtraBold.ttf */ = {isa = PBXFileReference; name = "OpenSans_Condensed-ExtraBold.ttf"; path = "../assets/font/OpenSans_Condensed-ExtraBold.ttf"; sourceTree = "<group>"; fileEncoding = undefined; lastKnownFileType = unknown; explicitFileType = undefined; includeInIndex = 0; };
		0033C34687964070B83F2741 /* OpenSans_Condensed-ExtraBoldItalic.ttf */ = {isa = PBXFileReference; name = "OpenSans_Condensed-ExtraBoldItalic.ttf"; path = "../assets/font/OpenSans_Condensed-ExtraBoldItalic.ttf"; sourceTree = "<group>"; fileEncoding = undefined; lastKnownFileType = unknown; explicitFileType = undefined; includeInIndex = 0; };
		2B5E79CEE5704A739EB88C1A /* OpenSans_Condensed-Italic.ttf */ = {isa = PBXFileReference; name = "OpenSans_Condensed-Italic.ttf"; path = "../assets/font/OpenSans_Condensed-Italic.ttf"; sourceTree = "<group>"; fileEncoding = undefined; lastKnownFileType = unknown; explicitFileType = undefined; includeInIndex = 0; };
		7EC45550F6414F9FB31B7670 /* OpenSans_Condensed-Light.ttf */ = {isa = PBXFileReference; name = "OpenSans_Condensed-Light.ttf"; path = "../assets/font/OpenSans_Condensed-Light.ttf"; sourceTree = "<group>"; fileEncoding = undefined; lastKnownFileType = unknown; explicitFileType = undefined; includeInIndex = 0; };
		BD2E7287C1344806AF3EBB94 /* OpenSans_Condensed-LightItalic.ttf */ = {isa = PBXFileReference; name = "OpenSans_Condensed-LightItalic.ttf"; path = "../assets/font/OpenSans_Condensed-LightItalic.ttf"; sourceTree = "<group>"; fileEncoding = undefined; lastKnownFileType = unknown; explicitFileType = undefined; includeInIndex = 0; };
		5EF4F6ED1A994D28B8F8D0AD /* OpenSans_Condensed-Medium.ttf */ = {isa = PBXFileReference; name = "OpenSans_Condensed-Medium.ttf"; path = "../assets/font/OpenSans_Condensed-Medium.ttf"; sourceTree = "<group>"; fileEncoding = undefined; lastKnownFileType = unknown; explicitFileType = undefined; includeInIndex = 0; };
		40905382E6244AA198C6E245 /* OpenSans_Condensed-MediumItalic.ttf */ = {isa = PBXFileReference; name = "OpenSans_Condensed-MediumItalic.ttf"; path = "../assets/font/OpenSans_Condensed-MediumItalic.ttf"; sourceTree = "<group>"; fileEncoding = undefined; lastKnownFileType = unknown; explicitFileType = undefined; includeInIndex = 0; };
		D0B5C859B46645CCB25B08B1 /* OpenSans_Condensed-Regular.ttf */ = {isa = PBXFileReference; name = "OpenSans_Condensed-Regular.ttf"; path = "../assets/font/OpenSans_Condensed-Regular.ttf"; sourceTree = "<group>"; fileEncoding = undefined; lastKnownFileType = unknown; explicitFileType = undefined; includeInIndex = 0; };
		1EAF200D2B4A4073875A9847 /* OpenSans_Condensed-SemiBold.ttf */ = {isa = PBXFileReference; name = "OpenSans_Condensed-SemiBold.ttf"; path = "../assets/font/OpenSans_Condensed-SemiBold.ttf"; sourceTree = "<group>"; fileEncoding = undefined; lastKnownFileType = unknown; explicitFileType = undefined; includeInIndex = 0; };
		824EE28474244FD59E537D30 /* OpenSans_Condensed-SemiBoldItalic.ttf */ = {isa = PBXFileReference; name = "OpenSans_Condensed-SemiBoldItalic.ttf"; path = "../assets/font/OpenSans_Condensed-SemiBoldItalic.ttf"; sourceTree = "<group>"; fileEncoding = undefined; lastKnownFileType = unknown; explicitFileType = undefined; includeInIndex = 0; };
		42B2A70AEA5B480585E25899 /* OpenSans_SemiCondensed-Bold.ttf */ = {isa = PBXFileReference; name = "OpenSans_SemiCondensed-Bold.ttf"; path = "../assets/font/OpenSans_SemiCondensed-Bold.ttf"; sourceTree = "<group>"; fileEncoding = undefined; lastKnownFileType = unknown; explicitFileType = undefined; includeInIndex = 0; };
		3B33DF0504E94B5A91E4EA98 /* OpenSans_SemiCondensed-BoldItalic.ttf */ = {isa = PBXFileReference; name = "OpenSans_SemiCondensed-BoldItalic.ttf"; path = "../assets/font/OpenSans_SemiCondensed-BoldItalic.ttf"; sourceTree = "<group>"; fileEncoding = undefined; lastKnownFileType = unknown; explicitFileType = undefined; includeInIndex = 0; };
		36E75F2727594FE3A77A7E33 /* OpenSans_SemiCondensed-ExtraBold.ttf */ = {isa = PBXFileReference; name = "OpenSans_SemiCondensed-ExtraBold.ttf"; path = "../assets/font/OpenSans_SemiCondensed-ExtraBold.ttf"; sourceTree = "<group>"; fileEncoding = undefined; lastKnownFileType = unknown; explicitFileType = undefined; includeInIndex = 0; };
		4B2A092ABC144BA2942C9812 /* OpenSans_SemiCondensed-ExtraBoldItalic.ttf */ = {isa = PBXFileReference; name = "OpenSans_SemiCondensed-ExtraBoldItalic.ttf"; path = "../assets/font/OpenSans_SemiCondensed-ExtraBoldItalic.ttf"; sourceTree = "<group>"; fileEncoding = undefined; lastKnownFileType = unknown; explicitFileType = undefined; includeInIndex = 0; };
		06C311FC5ACB4934B989AAA3 /* OpenSans_SemiCondensed-Italic.ttf */ = {isa = PBXFileReference; name = "OpenSans_SemiCondensed-Italic.ttf"; path = "../assets/font/OpenSans_SemiCondensed-Italic.ttf"; sourceTree = "<group>"; fileEncoding = undefined; lastKnownFileType = unknown; explicitFileType = undefined; includeInIndex = 0; };
		35292E57C38241D784F3F159 /* OpenSans_SemiCondensed-Light.ttf */ = {isa = PBXFileReference; name = "OpenSans_SemiCondensed-Light.ttf"; path = "../assets/font/OpenSans_SemiCondensed-Light.ttf"; sourceTree = "<group>"; fileEncoding = undefined; lastKnownFileType = unknown; explicitFileType = undefined; includeInIndex = 0; };
		887DFAE470604A3D8738467E /* OpenSans_SemiCondensed-LightItalic.ttf */ = {isa = PBXFileReference; name = "OpenSans_SemiCondensed-LightItalic.ttf"; path = "../assets/font/OpenSans_SemiCondensed-LightItalic.ttf"; sourceTree = "<group>"; fileEncoding = undefined; lastKnownFileType = unknown; explicitFileType = undefined; includeInIndex = 0; };
		2B4B84B6DB54474E9A2C5AFB /* OpenSans_SemiCondensed-Medium.ttf */ = {isa = PBXFileReference; name = "OpenSans_SemiCondensed-Medium.ttf"; path = "../assets/font/OpenSans_SemiCondensed-Medium.ttf"; sourceTree = "<group>"; fileEncoding = undefined; lastKnownFileType = unknown; explicitFileType = undefined; includeInIndex = 0; };
		57B624E4856B44FA8464D8C8 /* OpenSans_SemiCondensed-MediumItalic.ttf */ = {isa = PBXFileReference; name = "OpenSans_SemiCondensed-MediumItalic.ttf"; path = "../assets/font/OpenSans_SemiCondensed-MediumItalic.ttf"; sourceTree = "<group>"; fileEncoding = undefined; lastKnownFileType = unknown; explicitFileType = undefined; includeInIndex = 0; };
		7B65FADDD8204F2D94C9A0B6 /* OpenSans_SemiCondensed-Regular.ttf */ = {isa = PBXFileReference; name = "OpenSans_SemiCondensed-Regular.ttf"; path = "../assets/font/OpenSans_SemiCondensed-Regular.ttf"; sourceTree = "<group>"; fileEncoding = undefined; lastKnownFileType = unknown; explicitFileType = undefined; includeInIndex = 0; };
		1E33469C26054BD99B4C8F85 /* OpenSans_SemiCondensed-SemiBold.ttf */ = {isa = PBXFileReference; name = "OpenSans_SemiCondensed-SemiBold.ttf"; path = "../assets/font/OpenSans_SemiCondensed-SemiBold.ttf"; sourceTree = "<group>"; fileEncoding = undefined; lastKnownFileType = unknown; explicitFileType = undefined; includeInIndex = 0; };
		7D81861F12494FCA8D80DCF7 /* OpenSans_SemiCondensed-SemiBoldItalic.ttf */ = {isa = PBXFileReference; name = "OpenSans_SemiCondensed-SemiBoldItalic.ttf"; path = "../assets/font/OpenSans_SemiCondensed-SemiBoldItalic.ttf"; sourceTree = "<group>"; fileEncoding = undefined; lastKnownFileType = unknown; explicitFileType = undefined; includeInIndex = 0; };
/* End PBXFileReference section */

/* Begin PBXFrameworksBuildPhase section */
		00E356EB1AD99517003FC87E /* Frameworks */ = {
			isa = PBXFrameworksBuildPhase;
			buildActionMask = 2147483647;
			files = (
				7699B88040F8A987B510C191 /* libPods-MusicApp-MusicAppTests.a in Frameworks */,
			);
			runOnlyForDeploymentPostprocessing = 0;
		};
		13B07F8C1A680F5B00A75B9A /* Frameworks */ = {
			isa = PBXFrameworksBuildPhase;
			buildActionMask = 2147483647;
			files = (
				0C80B921A6F3F58F76C31292 /* libPods-MusicApp.a in Frameworks */,
			);
			runOnlyForDeploymentPostprocessing = 0;
		};
/* End PBXFrameworksBuildPhase section */

/* Begin PBXGroup section */
		00E356EF1AD99517003FC87E /* MusicAppTests */ = {
			isa = PBXGroup;
			children = (
				00E356F21AD99517003FC87E /* MusicAppTests.m */,
				00E356F01AD99517003FC87E /* Supporting Files */,
			);
			path = MusicAppTests;
			sourceTree = "<group>";
		};
		00E356F01AD99517003FC87E /* Supporting Files */ = {
			isa = PBXGroup;
			children = (
				00E356F11AD99517003FC87E /* Info.plist */,
			);
			name = "Supporting Files";
			sourceTree = "<group>";
		};
		13B07FAE1A68108700A75B9A /* MusicApp */ = {
			isa = PBXGroup;
			children = (
				13B07FAF1A68108700A75B9A /* AppDelegate.h */,
				13B07FB01A68108700A75B9A /* AppDelegate.mm */,
				13B07FB51A68108700A75B9A /* Images.xcassets */,
				13B07FB61A68108700A75B9A /* Info.plist */,
				81AB9BB72411601600AC10FF /* LaunchScreen.storyboard */,
				13B07FB71A68108700A75B9A /* main.m */,
				13B07FB81A68108700A75B9A /* PrivacyInfo.xcprivacy */,
			);
			name = MusicApp;
			sourceTree = "<group>";
		};
		2D16E6871FA4F8E400B85C8A /* Frameworks */ = {
			isa = PBXGroup;
			children = (
				ED297162215061F000B7C4FE /* JavaScriptCore.framework */,
				5DCACB8F33CDC322A6C60F78 /* libPods-MusicApp.a */,
				19F6CBCC0A4E27FBF8BF4A61 /* libPods-MusicApp-MusicAppTests.a */,
			);
			name = Frameworks;
			sourceTree = "<group>";
		};
		832341AE1AAA6A7D00B99B32 /* Libraries */ = {
			isa = PBXGroup;
			children = (
			);
			name = Libraries;
			sourceTree = "<group>";
		};
		83CBB9F61A601CBA00E9B192 = {
			isa = PBXGroup;
			children = (
				13B07FAE1A68108700A75B9A /* MusicApp */,
				832341AE1AAA6A7D00B99B32 /* Libraries */,
				00E356EF1AD99517003FC87E /* MusicAppTests */,
				83CBBA001A601CBA00E9B192 /* Products */,
				2D16E6871FA4F8E400B85C8A /* Frameworks */,
				BBD78D7AC51CEA395F1C20DB /* Pods */,
				DFCF0EC5F69D4F7BB8445A13 /* Resources */,
			);
			indentWidth = 2;
			sourceTree = "<group>";
			tabWidth = 2;
			usesTabs = 0;
		};
		83CBBA001A601CBA00E9B192 /* Products */ = {
			isa = PBXGroup;
			children = (
				13B07F961A680F5B00A75B9A /* MusicApp.app */,
				00E356EE1AD99517003FC87E /* MusicAppTests.xctest */,
			);
			name = Products;
			sourceTree = "<group>";
		};
		BBD78D7AC51CEA395F1C20DB /* Pods */ = {
			isa = PBXGroup;
			children = (
				3B4392A12AC88292D35C810B /* Pods-MusicApp.debug.xcconfig */,
				5709B34CF0A7D63546082F79 /* Pods-MusicApp.release.xcconfig */,
				5B7EB9410499542E8C5724F5 /* Pods-MusicApp-MusicAppTests.debug.xcconfig */,
				89C6BE57DB24E9ADA2F236DE /* Pods-MusicApp-MusicAppTests.release.xcconfig */,
			);
			path = Pods;
			sourceTree = "<group>";
		};
		DFCF0EC5F69D4F7BB8445A13 /* Resources */ = {
			isa = "PBXGroup";
			children = (
				60E671CF22A140B59BD072C4 /* OpenSans-Bold.ttf */,
				E6F232CD61F14302B7AA285E /* OpenSans-BoldItalic.ttf */,
				6C3413B2FE554B38B818714B /* OpenSans-ExtraBold.ttf */,
				2CFB5CA2C7114ABCAFCC5F97 /* OpenSans-ExtraBoldItalic.ttf */,
				31D112E4B5374DFEB4BA7B39 /* OpenSans-Italic.ttf */,
				0517F7A714F64CB9BE49A12B /* OpenSans-Light.ttf */,
				8B8A8F1B9FA7440D8B5351FB /* OpenSans-LightItalic.ttf */,
				3B85E3BD3461495F8F305DE7 /* OpenSans-Medium.ttf */,
				2F5A9D2D193D4CFA9BD64E95 /* OpenSans-MediumItalic.ttf */,
				549AD0B3856D4053ACE5B939 /* OpenSans-Regular.ttf */,
				06C59608367E463ABCCDD24F /* OpenSans-SemiBold.ttf */,
				5AD757D1C872449C82CD0B31 /* OpenSans-SemiBoldItalic.ttf */,
				FCD645160653488880534B59 /* OpenSans_Condensed-Bold.ttf */,
				1A0DD9A2F539468A9BD329A8 /* OpenSans_Condensed-BoldItalic.ttf */,
				719C3E842C924664AFC06CAA /* OpenSans_Condensed-ExtraBold.ttf */,
				0033C34687964070B83F2741 /* OpenSans_Condensed-ExtraBoldItalic.ttf */,
				2B5E79CEE5704A739EB88C1A /* OpenSans_Condensed-Italic.ttf */,
				7EC45550F6414F9FB31B7670 /* OpenSans_Condensed-Light.ttf */,
				BD2E7287C1344806AF3EBB94 /* OpenSans_Condensed-LightItalic.ttf */,
				5EF4F6ED1A994D28B8F8D0AD /* OpenSans_Condensed-Medium.ttf */,
				40905382E6244AA198C6E245 /* OpenSans_Condensed-MediumItalic.ttf */,
				D0B5C859B46645CCB25B08B1 /* OpenSans_Condensed-Regular.ttf */,
				1EAF200D2B4A4073875A9847 /* OpenSans_Condensed-SemiBold.ttf */,
				824EE28474244FD59E537D30 /* OpenSans_Condensed-SemiBoldItalic.ttf */,
				42B2A70AEA5B480585E25899 /* OpenSans_SemiCondensed-Bold.ttf */,
				3B33DF0504E94B5A91E4EA98 /* OpenSans_SemiCondensed-BoldItalic.ttf */,
				36E75F2727594FE3A77A7E33 /* OpenSans_SemiCondensed-ExtraBold.ttf */,
				4B2A092ABC144BA2942C9812 /* OpenSans_SemiCondensed-ExtraBoldItalic.ttf */,
				06C311FC5ACB4934B989AAA3 /* OpenSans_SemiCondensed-Italic.ttf */,
				35292E57C38241D784F3F159 /* OpenSans_SemiCondensed-Light.ttf */,
				887DFAE470604A3D8738467E /* OpenSans_SemiCondensed-LightItalic.ttf */,
				2B4B84B6DB54474E9A2C5AFB /* OpenSans_SemiCondensed-Medium.ttf */,
				57B624E4856B44FA8464D8C8 /* OpenSans_SemiCondensed-MediumItalic.ttf */,
				7B65FADDD8204F2D94C9A0B6 /* OpenSans_SemiCondensed-Regular.ttf */,
				1E33469C26054BD99B4C8F85 /* OpenSans_SemiCondensed-SemiBold.ttf */,
				7D81861F12494FCA8D80DCF7 /* OpenSans_SemiCondensed-SemiBoldItalic.ttf */,
			);
			name = Resources;
			sourceTree = "<group>";
			path = "";
		};
/* End PBXGroup section */

/* Begin PBXNativeTarget section */
		00E356ED1AD99517003FC87E /* MusicAppTests */ = {
			isa = PBXNativeTarget;
			buildConfigurationList = 00E357021AD99517003FC87E /* Build configuration list for PBXNativeTarget "MusicAppTests" */;
			buildPhases = (
				A55EABD7B0C7F3A422A6CC61 /* [CP] Check Pods Manifest.lock */,
				00E356EA1AD99517003FC87E /* Sources */,
				00E356EB1AD99517003FC87E /* Frameworks */,
				00E356EC1AD99517003FC87E /* Resources */,
				C59DA0FBD6956966B86A3779 /* [CP] Embed Pods Frameworks */,
				F6A41C54EA430FDDC6A6ED99 /* [CP] Copy Pods Resources */,
			);
			buildRules = (
			);
			dependencies = (
				00E356F51AD99517003FC87E /* PBXTargetDependency */,
			);
			name = MusicAppTests;
			productName = MusicAppTests;
			productReference = 00E356EE1AD99517003FC87E /* MusicAppTests.xctest */;
			productType = "com.apple.product-type.bundle.unit-test";
		};
		13B07F861A680F5B00A75B9A /* MusicApp */ = {
			isa = PBXNativeTarget;
			buildConfigurationList = 13B07F931A680F5B00A75B9A /* Build configuration list for PBXNativeTarget "MusicApp" */;
			buildPhases = (
				C38B50BA6285516D6DCD4F65 /* [CP] Check Pods Manifest.lock */,
				13B07F871A680F5B00A75B9A /* Sources */,
				13B07F8C1A680F5B00A75B9A /* Frameworks */,
				13B07F8E1A680F5B00A75B9A /* Resources */,
				00DD1BFF1BD5951E006B06BC /* Bundle React Native code and images */,
				00EEFC60759A1932668264C0 /* [CP] Embed Pods Frameworks */,
				E235C05ADACE081382539298 /* [CP] Copy Pods Resources */,
			);
			buildRules = (
			);
			dependencies = (
			);
			name = MusicApp;
			productName = MusicApp;
			productReference = 13B07F961A680F5B00A75B9A /* MusicApp.app */;
			productType = "com.apple.product-type.application";
		};
/* End PBXNativeTarget section */

/* Begin PBXProject section */
		83CBB9F71A601CBA00E9B192 /* Project object */ = {
			isa = PBXProject;
			attributes = {
				LastUpgradeCheck = 1210;
				TargetAttributes = {
					00E356ED1AD99517003FC87E = {
						CreatedOnToolsVersion = 6.2;
						TestTargetID = 13B07F861A680F5B00A75B9A;
					};
					13B07F861A680F5B00A75B9A = {
						LastSwiftMigration = 1120;
					};
				};
			};
			buildConfigurationList = 83CBB9FA1A601CBA00E9B192 /* Build configuration list for PBXProject "MusicApp" */;
			compatibilityVersion = "Xcode 12.0";
			developmentRegion = en;
			hasScannedForEncodings = 0;
			knownRegions = (
				en,
				Base,
			);
			mainGroup = 83CBB9F61A601CBA00E9B192;
			productRefGroup = 83CBBA001A601CBA00E9B192 /* Products */;
			projectDirPath = "";
			projectRoot = "";
			targets = (
				13B07F861A680F5B00A75B9A /* MusicApp */,
				00E356ED1AD99517003FC87E /* MusicAppTests */,
			);
		};
/* End PBXProject section */

/* Begin PBXResourcesBuildPhase section */
		00E356EC1AD99517003FC87E /* Resources */ = {
			isa = PBXResourcesBuildPhase;
			buildActionMask = 2147483647;
			files = (
			);
			runOnlyForDeploymentPostprocessing = 0;
		};
		13B07F8E1A680F5B00A75B9A /* Resources */ = {
			isa = PBXResourcesBuildPhase;
			buildActionMask = 2147483647;
			files = (
				81AB9BB82411601600AC10FF /* LaunchScreen.storyboard in Resources */,
				13B07FBF1A68108700A75B9A /* Images.xcassets in Resources */,
				9C368ADDB447446E9E334105 /* OpenSans-Bold.ttf in Resources */,
				C9DB1F7B3B504BBC8D9F8F84 /* OpenSans-BoldItalic.ttf in Resources */,
				538BB9412A5446A9A182E8DB /* OpenSans-ExtraBold.ttf in Resources */,
				5F8FF7BD206E40CBA1A9EC13 /* OpenSans-ExtraBoldItalic.ttf in Resources */,
				4262BB88B93343C0811F1DD9 /* OpenSans-Italic.ttf in Resources */,
				D064ED56538B4AC48EEA1716 /* OpenSans-Light.ttf in Resources */,
				90EFE35DC1A64FD18A7F4F3F /* OpenSans-LightItalic.ttf in Resources */,
				D5C3B19D7C3E46CF80288440 /* OpenSans-Medium.ttf in Resources */,
				15D906B58A254481BC6E7BAB /* OpenSans-MediumItalic.ttf in Resources */,
				25DE202C40694166B3DAEEAC /* OpenSans-Regular.ttf in Resources */,
				9C1F5B77A08D445F9FF80857 /* OpenSans-SemiBold.ttf in Resources */,
				EE4A917A1E2048DEBA30B21E /* OpenSans-SemiBoldItalic.ttf in Resources */,
				75F6B314F4A041609CFA1FB1 /* OpenSans_Condensed-Bold.ttf in Resources */,
				0A9C18C642004BF0AD845FB1 /* OpenSans_Condensed-BoldItalic.ttf in Resources */,
				C0B16522B2814F62A8D6A377 /* OpenSans_Condensed-ExtraBold.ttf in Resources */,
				33AA0BD7A42C4A89B7CB54C4 /* OpenSans_Condensed-ExtraBoldItalic.ttf in Resources */,
				5EADC99B1AF6489FB511B5FB /* OpenSans_Condensed-Italic.ttf in Resources */,
				47D3EBA58A5C4128AAE9FA30 /* OpenSans_Condensed-Light.ttf in Resources */,
				D5F6F6558E98423180B3C2B7 /* OpenSans_Condensed-LightItalic.ttf in Resources */,
				4DD86DC17F56491E8BEE5BF9 /* OpenSans_Condensed-Medium.ttf in Resources */,
				1B6DC6B302424A6B99D7FE83 /* OpenSans_Condensed-MediumItalic.ttf in Resources */,
				818AC9B4165A4550AB5BE66D /* OpenSans_Condensed-Regular.ttf in Resources */,
				D5F3D12E5ADC4FD8A7B24458 /* OpenSans_Condensed-SemiBold.ttf in Resources */,
				CF9AA3CC76144AFCB2687F8A /* OpenSans_Condensed-SemiBoldItalic.ttf in Resources */,
				20F32C14568548D18CE26140 /* OpenSans_SemiCondensed-Bold.ttf in Resources */,
				9CEFC4DA99A549C8BBDF9930 /* OpenSans_SemiCondensed-BoldItalic.ttf in Resources */,
				22EF7B68DBDD4AE09E49F661 /* OpenSans_SemiCondensed-ExtraBold.ttf in Resources */,
				E3686B96718840C79CCA6DE4 /* OpenSans_SemiCondensed-ExtraBoldItalic.ttf in Resources */,
				DCF801865A6E44F5A35944A8 /* OpenSans_SemiCondensed-Italic.ttf in Resources */,
				AB54C6EE8FC94D39BD0B25FD /* OpenSans_SemiCondensed-Light.ttf in Resources */,
				F64151D680734937877C656F /* OpenSans_SemiCondensed-LightItalic.ttf in Resources */,
				ADD3C51AA5D146F5B1C17140 /* OpenSans_SemiCondensed-Medium.ttf in Resources */,
				2B1C8FE8FE49494382A86B56 /* OpenSans_SemiCondensed-MediumItalic.ttf in Resources */,
				E2F7E03813B74A69A503D5B5 /* OpenSans_SemiCondensed-Regular.ttf in Resources */,
				C0D3F2F9F03345028D5C06AC /* OpenSans_SemiCondensed-SemiBold.ttf in Resources */,
				444FB197DF554977BEC975FE /* OpenSans_SemiCondensed-SemiBoldItalic.ttf in Resources */,
			);
			runOnlyForDeploymentPostprocessing = 0;
		};
/* End PBXResourcesBuildPhase section */

/* Begin PBXShellScriptBuildPhase section */
		00DD1BFF1BD5951E006B06BC /* Bundle React Native code and images */ = {
			isa = PBXShellScriptBuildPhase;
			buildActionMask = 2147483647;
			files = (
			);
			inputPaths = (
				"$(SRCROOT)/.xcode.env.local",
				"$(SRCROOT)/.xcode.env",
			);
			name = "Bundle React Native code and images";
			outputPaths = (
			);
			runOnlyForDeploymentPostprocessing = 0;
			shellPath = /bin/sh;
			shellScript = "set -e\n\nWITH_ENVIRONMENT=\"$REACT_NATIVE_PATH/scripts/xcode/with-environment.sh\"\nREACT_NATIVE_XCODE=\"$REACT_NATIVE_PATH/scripts/react-native-xcode.sh\"\n\n/bin/sh -c \"$WITH_ENVIRONMENT $REACT_NATIVE_XCODE\"\n";
		};
		00EEFC60759A1932668264C0 /* [CP] Embed Pods Frameworks */ = {
			isa = PBXShellScriptBuildPhase;
			buildActionMask = 2147483647;
			files = (
			);
			inputFileListPaths = (
				"${PODS_ROOT}/Target Support Files/Pods-MusicApp/Pods-MusicApp-frameworks-${CONFIGURATION}-input-files.xcfilelist",
			);
			name = "[CP] Embed Pods Frameworks";
			outputFileListPaths = (
				"${PODS_ROOT}/Target Support Files/Pods-MusicApp/Pods-MusicApp-frameworks-${CONFIGURATION}-output-files.xcfilelist",
			);
			runOnlyForDeploymentPostprocessing = 0;
			shellPath = /bin/sh;
			shellScript = "\"${PODS_ROOT}/Target Support Files/Pods-MusicApp/Pods-MusicApp-frameworks.sh\"\n";
			showEnvVarsInLog = 0;
		};
		A55EABD7B0C7F3A422A6CC61 /* [CP] Check Pods Manifest.lock */ = {
			isa = PBXShellScriptBuildPhase;
			buildActionMask = 2147483647;
			files = (
			);
			inputFileListPaths = (
			);
			inputPaths = (
				"${PODS_PODFILE_DIR_PATH}/Podfile.lock",
				"${PODS_ROOT}/Manifest.lock",
			);
			name = "[CP] Check Pods Manifest.lock";
			outputFileListPaths = (
			);
			outputPaths = (
				"$(DERIVED_FILE_DIR)/Pods-MusicApp-MusicAppTests-checkManifestLockResult.txt",
			);
			runOnlyForDeploymentPostprocessing = 0;
			shellPath = /bin/sh;
			shellScript = "diff \"${PODS_PODFILE_DIR_PATH}/Podfile.lock\" \"${PODS_ROOT}/Manifest.lock\" > /dev/null\nif [ $? != 0 ] ; then\n    # print error to STDERR\n    echo \"error: The sandbox is not in sync with the Podfile.lock. Run 'pod install' or update your CocoaPods installation.\" >&2\n    exit 1\nfi\n# This output is used by Xcode 'outputs' to avoid re-running this script phase.\necho \"SUCCESS\" > \"${SCRIPT_OUTPUT_FILE_0}\"\n";
			showEnvVarsInLog = 0;
		};
		C38B50BA6285516D6DCD4F65 /* [CP] Check Pods Manifest.lock */ = {
			isa = PBXShellScriptBuildPhase;
			buildActionMask = 2147483647;
			files = (
			);
			inputFileListPaths = (
			);
			inputPaths = (
				"${PODS_PODFILE_DIR_PATH}/Podfile.lock",
				"${PODS_ROOT}/Manifest.lock",
			);
			name = "[CP] Check Pods Manifest.lock";
			outputFileListPaths = (
			);
			outputPaths = (
				"$(DERIVED_FILE_DIR)/Pods-MusicApp-checkManifestLockResult.txt",
			);
			runOnlyForDeploymentPostprocessing = 0;
			shellPath = /bin/sh;
			shellScript = "diff \"${PODS_PODFILE_DIR_PATH}/Podfile.lock\" \"${PODS_ROOT}/Manifest.lock\" > /dev/null\nif [ $? != 0 ] ; then\n    # print error to STDERR\n    echo \"error: The sandbox is not in sync with the Podfile.lock. Run 'pod install' or update your CocoaPods installation.\" >&2\n    exit 1\nfi\n# This output is used by Xcode 'outputs' to avoid re-running this script phase.\necho \"SUCCESS\" > \"${SCRIPT_OUTPUT_FILE_0}\"\n";
			showEnvVarsInLog = 0;
		};
		C59DA0FBD6956966B86A3779 /* [CP] Embed Pods Frameworks */ = {
			isa = PBXShellScriptBuildPhase;
			buildActionMask = 2147483647;
			files = (
			);
			inputFileListPaths = (
				"${PODS_ROOT}/Target Support Files/Pods-MusicApp-MusicAppTests/Pods-MusicApp-MusicAppTests-frameworks-${CONFIGURATION}-input-files.xcfilelist",
			);
			name = "[CP] Embed Pods Frameworks";
			outputFileListPaths = (
				"${PODS_ROOT}/Target Support Files/Pods-MusicApp-MusicAppTests/Pods-MusicApp-MusicAppTests-frameworks-${CONFIGURATION}-output-files.xcfilelist",
			);
			runOnlyForDeploymentPostprocessing = 0;
			shellPath = /bin/sh;
			shellScript = "\"${PODS_ROOT}/Target Support Files/Pods-MusicApp-MusicAppTests/Pods-MusicApp-MusicAppTests-frameworks.sh\"\n";
			showEnvVarsInLog = 0;
		};
		E235C05ADACE081382539298 /* [CP] Copy Pods Resources */ = {
			isa = PBXShellScriptBuildPhase;
			buildActionMask = 2147483647;
			files = (
			);
			inputFileListPaths = (
				"${PODS_ROOT}/Target Support Files/Pods-MusicApp/Pods-MusicApp-resources-${CONFIGURATION}-input-files.xcfilelist",
			);
			name = "[CP] Copy Pods Resources";
			outputFileListPaths = (
				"${PODS_ROOT}/Target Support Files/Pods-MusicApp/Pods-MusicApp-resources-${CONFIGURATION}-output-files.xcfilelist",
			);
			runOnlyForDeploymentPostprocessing = 0;
			shellPath = /bin/sh;
			shellScript = "\"${PODS_ROOT}/Target Support Files/Pods-MusicApp/Pods-MusicApp-resources.sh\"\n";
			showEnvVarsInLog = 0;
		};
		F6A41C54EA430FDDC6A6ED99 /* [CP] Copy Pods Resources */ = {
			isa = PBXShellScriptBuildPhase;
			buildActionMask = 2147483647;
			files = (
			);
			inputFileListPaths = (
				"${PODS_ROOT}/Target Support Files/Pods-MusicApp-MusicAppTests/Pods-MusicApp-MusicAppTests-resources-${CONFIGURATION}-input-files.xcfilelist",
			);
			name = "[CP] Copy Pods Resources";
			outputFileListPaths = (
				"${PODS_ROOT}/Target Support Files/Pods-MusicApp-MusicAppTests/Pods-MusicApp-MusicAppTests-resources-${CONFIGURATION}-output-files.xcfilelist",
			);
			runOnlyForDeploymentPostprocessing = 0;
			shellPath = /bin/sh;
			shellScript = "\"${PODS_ROOT}/Target Support Files/Pods-MusicApp-MusicAppTests/Pods-MusicApp-MusicAppTests-resources.sh\"\n";
			showEnvVarsInLog = 0;
		};
/* End PBXShellScriptBuildPhase section */

/* Begin PBXSourcesBuildPhase section */
		00E356EA1AD99517003FC87E /* Sources */ = {
			isa = PBXSourcesBuildPhase;
			buildActionMask = 2147483647;
			files = (
				00E356F31AD99517003FC87E /* MusicAppTests.m in Sources */,
			);
			runOnlyForDeploymentPostprocessing = 0;
		};
		13B07F871A680F5B00A75B9A /* Sources */ = {
			isa = PBXSourcesBuildPhase;
			buildActionMask = 2147483647;
			files = (
				13B07FBC1A68108700A75B9A /* AppDelegate.mm in Sources */,
				13B07FC11A68108700A75B9A /* main.m in Sources */,
			);
			runOnlyForDeploymentPostprocessing = 0;
		};
/* End PBXSourcesBuildPhase section */

/* Begin PBXTargetDependency section */
		00E356F51AD99517003FC87E /* PBXTargetDependency */ = {
			isa = PBXTargetDependency;
			target = 13B07F861A680F5B00A75B9A /* MusicApp */;
			targetProxy = 00E356F41AD99517003FC87E /* PBXContainerItemProxy */;
		};
/* End PBXTargetDependency section */

/* Begin XCBuildConfiguration section */
		00E356F61AD99517003FC87E /* Debug */ = {
			isa = XCBuildConfiguration;
			baseConfigurationReference = 5B7EB9410499542E8C5724F5 /* Pods-MusicApp-MusicAppTests.debug.xcconfig */;
			buildSettings = {
				BUNDLE_LOADER = "$(TEST_HOST)";
				GCC_PREPROCESSOR_DEFINITIONS = (
					"DEBUG=1",
					"$(inherited)",
				);
				INFOPLIST_FILE = MusicAppTests/Info.plist;
				IPHONEOS_DEPLOYMENT_TARGET = 13.4;
				LD_RUNPATH_SEARCH_PATHS = (
					"$(inherited)",
					"@executable_path/Frameworks",
					"@loader_path/Frameworks",
				);
				OTHER_LDFLAGS = (
					"-ObjC",
					"-lc++",
					"$(inherited)",
				);
				PRODUCT_BUNDLE_IDENTIFIER = "org.reactjs.native.example.$(PRODUCT_NAME:rfc1034identifier)";
				PRODUCT_NAME = "$(TARGET_NAME)";
				TEST_HOST = "$(BUILT_PRODUCTS_DIR)/MusicApp.app/MusicApp";
			};
			name = Debug;
		};
		00E356F71AD99517003FC87E /* Release */ = {
			isa = XCBuildConfiguration;
			baseConfigurationReference = 89C6BE57DB24E9ADA2F236DE /* Pods-MusicApp-MusicAppTests.release.xcconfig */;
			buildSettings = {
				BUNDLE_LOADER = "$(TEST_HOST)";
				COPY_PHASE_STRIP = NO;
				INFOPLIST_FILE = MusicAppTests/Info.plist;
				IPHONEOS_DEPLOYMENT_TARGET = 13.4;
				LD_RUNPATH_SEARCH_PATHS = (
					"$(inherited)",
					"@executable_path/Frameworks",
					"@loader_path/Frameworks",
				);
				OTHER_LDFLAGS = (
					"-ObjC",
					"-lc++",
					"$(inherited)",
				);
				PRODUCT_BUNDLE_IDENTIFIER = "org.reactjs.native.example.$(PRODUCT_NAME:rfc1034identifier)";
				PRODUCT_NAME = "$(TARGET_NAME)";
				TEST_HOST = "$(BUILT_PRODUCTS_DIR)/MusicApp.app/MusicApp";
			};
			name = Release;
		};
		13B07F941A680F5B00A75B9A /* Debug */ = {
			isa = XCBuildConfiguration;
			baseConfigurationReference = 3B4392A12AC88292D35C810B /* Pods-MusicApp.debug.xcconfig */;
			buildSettings = {
				ASSETCATALOG_COMPILER_APPICON_NAME = AppIcon;
				CLANG_ENABLE_MODULES = YES;
				CURRENT_PROJECT_VERSION = 1;
				ENABLE_BITCODE = NO;
				INFOPLIST_FILE = MusicApp/Info.plist;
				LD_RUNPATH_SEARCH_PATHS = (
					"$(inherited)",
					"@executable_path/Frameworks",
				);
				MARKETING_VERSION = 1.0;
				OTHER_LDFLAGS = (
					"$(inherited)",
					"-ObjC",
					"-lc++",
				);
				PRODUCT_BUNDLE_IDENTIFIER = "org.reactjs.native.example.$(PRODUCT_NAME:rfc1034identifier)";
				PRODUCT_NAME = MusicApp;
				SWIFT_OPTIMIZATION_LEVEL = "-Onone";
				SWIFT_VERSION = 5.0;
				VERSIONING_SYSTEM = "apple-generic";
			};
			name = Debug;
		};
		13B07F951A680F5B00A75B9A /* Release */ = {
			isa = XCBuildConfiguration;
			baseConfigurationReference = 5709B34CF0A7D63546082F79 /* Pods-MusicApp.release.xcconfig */;
			buildSettings = {
				ASSETCATALOG_COMPILER_APPICON_NAME = AppIcon;
				CLANG_ENABLE_MODULES = YES;
				CURRENT_PROJECT_VERSION = 1;
				INFOPLIST_FILE = MusicApp/Info.plist;
				LD_RUNPATH_SEARCH_PATHS = (
					"$(inherited)",
					"@executable_path/Frameworks",
				);
				MARKETING_VERSION = 1.0;
				OTHER_LDFLAGS = (
					"$(inherited)",
					"-ObjC",
					"-lc++",
				);
				PRODUCT_BUNDLE_IDENTIFIER = "org.reactjs.native.example.$(PRODUCT_NAME:rfc1034identifier)";
				PRODUCT_NAME = MusicApp;
				SWIFT_VERSION = 5.0;
				VERSIONING_SYSTEM = "apple-generic";
			};
			name = Release;
		};
		83CBBA201A601CBA00E9B192 /* Debug */ = {
			isa = XCBuildConfiguration;
			buildSettings = {
				ALWAYS_SEARCH_USER_PATHS = NO;
				CLANG_ANALYZER_LOCALIZABILITY_NONLOCALIZED = YES;
				CLANG_CXX_LANGUAGE_STANDARD = "c++20";
				CLANG_CXX_LIBRARY = "libc++";
				CLANG_ENABLE_MODULES = YES;
				CLANG_ENABLE_OBJC_ARC = YES;
				CLANG_WARN_BLOCK_CAPTURE_AUTORELEASING = YES;
				CLANG_WARN_BOOL_CONVERSION = YES;
				CLANG_WARN_COMMA = YES;
				CLANG_WARN_CONSTANT_CONVERSION = YES;
				CLANG_WARN_DEPRECATED_OBJC_IMPLEMENTATIONS = YES;
				CLANG_WARN_DIRECT_OBJC_ISA_USAGE = YES_ERROR;
				CLANG_WARN_EMPTY_BODY = YES;
				CLANG_WARN_ENUM_CONVERSION = YES;
				CLANG_WARN_INFINITE_RECURSION = YES;
				CLANG_WARN_INT_CONVERSION = YES;
				CLANG_WARN_NON_LITERAL_NULL_CONVERSION = YES;
				CLANG_WARN_OBJC_IMPLICIT_RETAIN_SELF = YES;
				CLANG_WARN_OBJC_LITERAL_CONVERSION = YES;
				CLANG_WARN_OBJC_ROOT_CLASS = YES_ERROR;
				CLANG_WARN_QUOTED_INCLUDE_IN_FRAMEWORK_HEADER = YES;
				CLANG_WARN_RANGE_LOOP_ANALYSIS = YES;
				CLANG_WARN_STRICT_PROTOTYPES = YES;
				CLANG_WARN_SUSPICIOUS_MOVE = YES;
				CLANG_WARN_UNREACHABLE_CODE = YES;
				CLANG_WARN__DUPLICATE_METHOD_MATCH = YES;
				"CODE_SIGN_IDENTITY[sdk=iphoneos*]" = "iPhone Developer";
				COPY_PHASE_STRIP = NO;
				ENABLE_STRICT_OBJC_MSGSEND = YES;
				ENABLE_TESTABILITY = YES;
				"EXCLUDED_ARCHS[sdk=iphonesimulator*]" = "";
				GCC_C_LANGUAGE_STANDARD = gnu99;
				GCC_DYNAMIC_NO_PIC = NO;
				GCC_NO_COMMON_BLOCKS = YES;
				GCC_OPTIMIZATION_LEVEL = 0;
				GCC_PREPROCESSOR_DEFINITIONS = (
					"DEBUG=1",
					"$(inherited)",
				);
				GCC_SYMBOLS_PRIVATE_EXTERN = NO;
				GCC_WARN_64_TO_32_BIT_CONVERSION = YES;
				GCC_WARN_ABOUT_RETURN_TYPE = YES_ERROR;
				GCC_WARN_UNDECLARED_SELECTOR = YES;
				GCC_WARN_UNINITIALIZED_AUTOS = YES_AGGRESSIVE;
				GCC_WARN_UNUSED_FUNCTION = YES;
				GCC_WARN_UNUSED_VARIABLE = YES;
				IPHONEOS_DEPLOYMENT_TARGET = 13.4;
				LD_RUNPATH_SEARCH_PATHS = (
					/usr/lib/swift,
					"$(inherited)",
				);
				LIBRARY_SEARCH_PATHS = (
					"\"$(SDKROOT)/usr/lib/swift\"",
					"\"$(TOOLCHAIN_DIR)/usr/lib/swift/$(PLATFORM_NAME)\"",
					"\"$(inherited)\"",
				);
				MTL_ENABLE_DEBUG_INFO = YES;
				ONLY_ACTIVE_ARCH = YES;
				OTHER_CPLUSPLUSFLAGS = (
					"$(OTHER_CFLAGS)",
					"-DFOLLY_NO_CONFIG",
					"-DFOLLY_MOBILE=1",
					"-DFOLLY_USE_LIBCPP=1",
					"-DFOLLY_CFG_NO_COROUTINES=1",
					"-DFOLLY_HAVE_CLOCK_GETTIME=1",
				);
				SDKROOT = iphoneos;
			};
			name = Debug;
		};
		83CBBA211A601CBA00E9B192 /* Release */ = {
			isa = XCBuildConfiguration;
			buildSettings = {
				ALWAYS_SEARCH_USER_PATHS = NO;
				CLANG_ANALYZER_LOCALIZABILITY_NONLOCALIZED = YES;
				CLANG_CXX_LANGUAGE_STANDARD = "c++20";
				CLANG_CXX_LIBRARY = "libc++";
				CLANG_ENABLE_MODULES = YES;
				CLANG_ENABLE_OBJC_ARC = YES;
				CLANG_WARN_BLOCK_CAPTURE_AUTORELEASING = YES;
				CLANG_WARN_BOOL_CONVERSION = YES;
				CLANG_WARN_COMMA = YES;
				CLANG_WARN_CONSTANT_CONVERSION = YES;
				CLANG_WARN_DEPRECATED_OBJC_IMPLEMENTATIONS = YES;
				CLANG_WARN_DIRECT_OBJC_ISA_USAGE = YES_ERROR;
				CLANG_WARN_EMPTY_BODY = YES;
				CLANG_WARN_ENUM_CONVERSION = YES;
				CLANG_WARN_INFINITE_RECURSION = YES;
				CLANG_WARN_INT_CONVERSION = YES;
				CLANG_WARN_NON_LITERAL_NULL_CONVERSION = YES;
				CLANG_WARN_OBJC_IMPLICIT_RETAIN_SELF = YES;
				CLANG_WARN_OBJC_LITERAL_CONVERSION = YES;
				CLANG_WARN_OBJC_ROOT_CLASS = YES_ERROR;
				CLANG_WARN_QUOTED_INCLUDE_IN_FRAMEWORK_HEADER = YES;
				CLANG_WARN_RANGE_LOOP_ANALYSIS = YES;
				CLANG_WARN_STRICT_PROTOTYPES = YES;
				CLANG_WARN_SUSPICIOUS_MOVE = YES;
				CLANG_WARN_UNREACHABLE_CODE = YES;
				CLANG_WARN__DUPLICATE_METHOD_MATCH = YES;
				"CODE_SIGN_IDENTITY[sdk=iphoneos*]" = "iPhone Developer";
				COPY_PHASE_STRIP = YES;
				ENABLE_NS_ASSERTIONS = NO;
				ENABLE_STRICT_OBJC_MSGSEND = YES;
				"EXCLUDED_ARCHS[sdk=iphonesimulator*]" = "";
				GCC_C_LANGUAGE_STANDARD = gnu99;
				GCC_NO_COMMON_BLOCKS = YES;
				GCC_WARN_64_TO_32_BIT_CONVERSION = YES;
				GCC_WARN_ABOUT_RETURN_TYPE = YES_ERROR;
				GCC_WARN_UNDECLARED_SELECTOR = YES;
				GCC_WARN_UNINITIALIZED_AUTOS = YES_AGGRESSIVE;
				GCC_WARN_UNUSED_FUNCTION = YES;
				GCC_WARN_UNUSED_VARIABLE = YES;
				IPHONEOS_DEPLOYMENT_TARGET = 13.4;
				LD_RUNPATH_SEARCH_PATHS = (
					/usr/lib/swift,
					"$(inherited)",
				);
				LIBRARY_SEARCH_PATHS = (
					"\"$(SDKROOT)/usr/lib/swift\"",
					"\"$(TOOLCHAIN_DIR)/usr/lib/swift/$(PLATFORM_NAME)\"",
					"\"$(inherited)\"",
				);
				MTL_ENABLE_DEBUG_INFO = NO;
				OTHER_CPLUSPLUSFLAGS = (
					"$(OTHER_CFLAGS)",
					"-DFOLLY_NO_CONFIG",
					"-DFOLLY_MOBILE=1",
					"-DFOLLY_USE_LIBCPP=1",
					"-DFOLLY_CFG_NO_COROUTINES=1",
					"-DFOLLY_HAVE_CLOCK_GETTIME=1",
				);
				SDKROOT = iphoneos;
				VALIDATE_PRODUCT = YES;
			};
			name = Release;
		};
/* End XCBuildConfiguration section */

/* Begin XCConfigurationList section */
		00E357021AD99517003FC87E /* Build configuration list for PBXNativeTarget "MusicAppTests" */ = {
			isa = XCConfigurationList;
			buildConfigurations = (
				00E356F61AD99517003FC87E /* Debug */,
				00E356F71AD99517003FC87E /* Release */,
			);
			defaultConfigurationIsVisible = 0;
			defaultConfigurationName = Release;
		};
		13B07F931A680F5B00A75B9A /* Build configuration list for PBXNativeTarget "MusicApp" */ = {
			isa = XCConfigurationList;
			buildConfigurations = (
				13B07F941A680F5B00A75B9A /* Debug */,
				13B07F951A680F5B00A75B9A /* Release */,
			);
			defaultConfigurationIsVisible = 0;
			defaultConfigurationName = Release;
		};
		83CBB9FA1A601CBA00E9B192 /* Build configuration list for PBXProject "MusicApp" */ = {
			isa = XCConfigurationList;
			buildConfigurations = (
				83CBBA201A601CBA00E9B192 /* Debug */,
				83CBBA211A601CBA00E9B192 /* Release */,
			);
			defaultConfigurationIsVisible = 0;
			defaultConfigurationName = Release;
		};
/* End XCConfigurationList section */
	};
	rootObject = 83CBB9F71A601CBA00E9B192 /* Project object */;
}
